
Microsoft Visual Studio Solution File, Format Version 12.00
# Visual Studio Version 16
VisualStudioVersion = 16.0.30114.105
MinimumVisualStudioVersion = 10.0.40219.1
Project("{FAE04EC0-301F-11D3-BF4B-00C04F79EFBC}") = "RepoSkillMiner", "RepoSkillMiner\RepoSkillMiner.csproj", "{A0704293-635E-400D-A289-86E331DCA828}"
EndProject
Project("{9A19103F-16F7-4668-BE54-9A1E7A4F7556}") = "GithubModels", "GithubModels\GithubModels.csproj", "{20EBC966-96FC-4AC4-AF69-AF3B3D19D5B9}"
EndProject
Global
	GlobalSection(SolutionConfigurationPlatforms) = preSolution
		Debug|Any CPU = Debug|Any CPU
		Release|Any CPU = Release|Any CPU
	EndGlobalSection
	GlobalSection(ProjectConfigurationPlatforms) = postSolution
		{A0704293-635E-400D-A289-86E331DCA828}.Debug|Any CPU.ActiveCfg = Debug|Any CPU
		{A0704293-635E-400D-A289-86E331DCA828}.Debug|Any CPU.Build.0 = Debug|Any CPU
		{A0704293-635E-400D-A289-86E331DCA828}.Release|Any CPU.ActiveCfg = Release|Any CPU
		{A0704293-635E-400D-A289-86E331DCA828}.Release|Any CPU.Build.0 = Release|Any CPU
		{20EBC966-96FC-4AC4-AF69-AF3B3D19D5B9}.Debug|Any CPU.ActiveCfg = Debug|Any CPU
		{20EBC966-96FC-4AC4-AF69-AF3B3D19D5B9}.Debug|Any CPU.Build.0 = Debug|Any CPU
		{20EBC966-96FC-4AC4-AF69-AF3B3D19D5B9}.Release|Any CPU.ActiveCfg = Release|Any CPU
		{20EBC966-96FC-4AC4-AF69-AF3B3D19D5B9}.Release|Any CPU.Build.0 = Release|Any CPU
	EndGlobalSection
	GlobalSection(SolutionProperties) = preSolution
		HideSolutionNode = FALSE
	EndGlobalSection
	GlobalSection(ExtensibilityGlobals) = postSolution
		SolutionGuid = {739A976A-C520-4A78-9226-BC756BFD372B}
	EndGlobalSection
EndGlobal
